// !$*UTF8*$!
{
	archiveVersion = 1;
	classes = {
	};
	objectVersion = 77;
	objects = {

/* Begin PBXBuildFile section */
		0DBB51F6033DB5B29DF37113 /* Pods_UICoreSDKKmpExample_UICoreSDKKmpExampleUITests.framework in Frameworks */ = {isa = PBXBuildFile; fileRef = 6BFDACD850AA64C97D6266C3 /* Pods_UICoreSDKKmpExample_UICoreSDKKmpExampleUITests.framework */; };
		215E9DBA10E88E476730E915 /* Pods_UICoreSDKKmpExample.framework in Frameworks */ = {isa = PBXBuildFile; fileRef = 3B5349E3D196FE1157809474 /* Pods_UICoreSDKKmpExample.framework */; };
		8537C3308BBEA67C8DD44AEC /* Pods_UICoreSDKKmpExampleTests.framework in Frameworks */ = {isa = PBXBuildFile; fileRef = 0C204B6CA7017B7E119685FE /* Pods_UICoreSDKKmpExampleTests.framework */; };
/* End PBXBuildFile section */

/* Begin PBXContainerItemProxy section */
		DE45B5BE2DA618F300390572 /* PBXContainerItemProxy */ = {
			isa = PBXContainerItemProxy;
			containerPortal = DE45B59F2DA618F100390572 /* Project object */;
			proxyType = 1;
			remoteGlobalIDString = DE45B5A62DA618F100390572;
			remoteInfo = UICoreSDKKmpExample;
		};
		DE45B5C82DA618F300390572 /* PBXContainerItemProxy */ = {
			isa = PBXContainerItemProxy;
			containerPortal = DE45B59F2DA618F100390572 /* Project object */;
			proxyType = 1;
			remoteGlobalIDString = DE45B5A62DA618F100390572;
			remoteInfo = UICoreSDKKmpExample;
		};
/* End PBXContainerItemProxy section */

/* Begin PBXFileReference section */
		0C204B6CA7017B7E119685FE /* Pods_UICoreSDKKmpExampleTests.framework */ = {isa = PBXFileReference; explicitFileType = wrapper.framework; includeInIndex = 0; path = Pods_UICoreSDKKmpExampleTests.framework; sourceTree = BUILT_PRODUCTS_DIR; };
		0C9A870D924FB54FA7C0BDF6 /* Pods-UICoreSDKKmpExampleTests.debug.xcconfig */ = {isa = PBXFileReference; includeInIndex = 1; lastKnownFileType = text.xcconfig; name = "Pods-UICoreSDKKmpExampleTests.debug.xcconfig"; path = "Target Support Files/Pods-UICoreSDKKmpExampleTests/Pods-UICoreSDKKmpExampleTests.debug.xcconfig"; sourceTree = "<group>"; };
		1C4903D8824281F8CAA328CA /* Pods-UICoreSDKKmpExampleTests.release.xcconfig */ = {isa = PBXFileReference; includeInIndex = 1; lastKnownFileType = text.xcconfig; name = "Pods-UICoreSDKKmpExampleTests.release.xcconfig"; path = "Target Support Files/Pods-UICoreSDKKmpExampleTests/Pods-UICoreSDKKmpExampleTests.release.xcconfig"; sourceTree = "<group>"; };
		28B9EDB12282008060E9694F /* Pods-UICoreSDKKmpExample.debug.xcconfig */ = {isa = PBXFileReference; includeInIndex = 1; lastKnownFileType = text.xcconfig; name = "Pods-UICoreSDKKmpExample.debug.xcconfig"; path = "Target Support Files/Pods-UICoreSDKKmpExample/Pods-UICoreSDKKmpExample.debug.xcconfig"; sourceTree = "<group>"; };
		3B5349E3D196FE1157809474 /* Pods_UICoreSDKKmpExample.framework */ = {isa = PBXFileReference; explicitFileType = wrapper.framework; includeInIndex = 0; path = Pods_UICoreSDKKmpExample.framework; sourceTree = BUILT_PRODUCTS_DIR; };
		6BFDACD850AA64C97D6266C3 /* Pods_UICoreSDKKmpExample_UICoreSDKKmpExampleUITests.framework */ = {isa = PBXFileReference; explicitFileType = wrapper.framework; includeInIndex = 0; path = Pods_UICoreSDKKmpExample_UICoreSDKKmpExampleUITests.framework; sourceTree = BUILT_PRODUCTS_DIR; };
		86EAFE1CF006C823F07B4131 /* Pods-UICoreSDKKmpExample-UICoreSDKKmpExampleUITests.release.xcconfig */ = {isa = PBXFileReference; includeInIndex = 1; lastKnownFileType = text.xcconfig; name = "Pods-UICoreSDKKmpExample-UICoreSDKKmpExampleUITests.release.xcconfig"; path = "Target Support Files/Pods-UICoreSDKKmpExample-UICoreSDKKmpExampleUITests/Pods-UICoreSDKKmpExample-UICoreSDKKmpExampleUITests.release.xcconfig"; sourceTree = "<group>"; };
		891BE1B62DE95DC400999BA1 /* README.md */ = {isa = PBXFileReference; lastKnownFileType = net.daringfireball.markdown; path = README.md; sourceTree = "<group>"; };
		A221C41D94755A7F26C1F4B9 /* Pods-UICoreSDKKmpExample-UICoreSDKKmpExampleUITests.debug.xcconfig */ = {isa = PBXFileReference; includeInIndex = 1; lastKnownFileType = text.xcconfig; name = "Pods-UICoreSDKKmpExample-UICoreSDKKmpExampleUITests.debug.xcconfig"; path = "Target Support Files/Pods-UICoreSDKKmpExample-UICoreSDKKmpExampleUITests/Pods-UICoreSDKKmpExample-UICoreSDKKmpExampleUITests.debug.xcconfig"; sourceTree = "<group>"; };
		C8590BE4725BCD8B1E46999B /* Pods-UICoreSDKKmpExample.release.xcconfig */ = {isa = PBXFileReference; includeInIndex = 1; lastKnownFileType = text.xcconfig; name = "Pods-UICoreSDKKmpExample.release.xcconfig"; path = "Target Support Files/Pods-UICoreSDKKmpExample/Pods-UICoreSDKKmpExample.release.xcconfig"; sourceTree = "<group>"; };
		DE45B5A72DA618F100390572 /* UICoreSDKKmpExample.app */ = {isa = PBXFileReference; explicitFileType = wrapper.application; includeInIndex = 0; path = UICoreSDKKmpExample.app; sourceTree = BUILT_PRODUCTS_DIR; };
		DE45B5BD2DA618F300390572 /* UICoreSDKKmpExampleTests.xctest */ = {isa = PBXFileReference; explicitFileType = wrapper.cfbundle; includeInIndex = 0; path = UICoreSDKKmpExampleTests.xctest; sourceTree = BUILT_PRODUCTS_DIR; };
		DE45B5C72DA618F300390572 /* UICoreSDKKmpExampleUITests.xctest */ = {isa = PBXFileReference; explicitFileType = wrapper.cfbundle; includeInIndex = 0; path = UICoreSDKKmpExampleUITests.xctest; sourceTree = BUILT_PRODUCTS_DIR; };
/* End PBXFileReference section */

/* Begin PBXFileSystemSynchronizedBuildFileExceptionSet section */
		89340CC52F04D82C00349B76 /* Exceptions for "UICoreSDKKmpExample" folder in "UICoreSDKKmpExample" target */ = {
			isa = PBXFileSystemSynchronizedBuildFileExceptionSet;
			membershipExceptions = (
				Info.plist,
			);
			target = DE45B5A62DA618F100390572 /* UICoreSDKKmpExample */;
		};
/* End PBXFileSystemSynchronizedBuildFileExceptionSet section */

/* Begin PBXFileSystemSynchronizedRootGroup section */
		89340C882F04D82C00349B76 /* UICoreSDKKmpExample */ = {
			isa = PBXFileSystemSynchronizedRootGroup;
			exceptions = (
				89340CC52F04D82C00349B76 /* Exceptions for "UICoreSDKKmpExample" folder in "UICoreSDKKmpExample" target */,
			);
			path = UICoreSDKKmpExample;
			sourceTree = "<group>";
		};
		DE45B5C02DA618F300390572 /* UICoreSDKKmpExampleTests */ = {
			isa = PBXFileSystemSynchronizedRootGroup;
			path = UICoreSDKKmpExampleTests;
			sourceTree = "<group>";
		};
		DE45B5CA2DA618F300390572 /* UICoreSDKKmpExampleUITests */ = {
			isa = PBXFileSystemSynchronizedRootGroup;
			path = UICoreSDKKmpExampleUITests;
			sourceTree = "<group>";
		};
/* End PBXFileSystemSynchronizedRootGroup section */

/* Begin PBXFrameworksBuildPhase section */
		DE45B5A42DA618F100390572 /* Frameworks */ = {
			isa = PBXFrameworksBuildPhase;
			buildActionMask = 2147483647;
			files = (
				215E9DBA10E88E476730E915 /* Pods_UICoreSDKKmpExample.framework in Frameworks */,
			);
			runOnlyForDeploymentPostprocessing = 0;
		};
		DE45B5BA2DA618F300390572 /* Frameworks */ = {
			isa = PBXFrameworksBuildPhase;
			buildActionMask = 2147483647;
			files = (
				8537C3308BBEA67C8DD44AEC /* Pods_UICoreSDKKmpExampleTests.framework in Frameworks */,
			);
			runOnlyForDeploymentPostprocessing = 0;
		};
		DE45B5C42DA618F300390572 /* Frameworks */ = {
			isa = PBXFrameworksBuildPhase;
			buildActionMask = 2147483647;
			files = (
				0DBB51F6033DB5B29DF37113 /* Pods_UICoreSDKKmpExample_UICoreSDKKmpExampleUITests.framework in Frameworks */,
			);
			runOnlyForDeploymentPostprocessing = 0;
		};
/* End PBXFrameworksBuildPhase section */

/* Begin PBXGroup section */
		07CD3A60E18956267D631E17 /* Pods */ = {
			isa = PBXGroup;
			children = (
				28B9EDB12282008060E9694F /* Pods-UICoreSDKKmpExample.debug.xcconfig */,
				C8590BE4725BCD8B1E46999B /* Pods-UICoreSDKKmpExample.release.xcconfig */,
				A221C41D94755A7F26C1F4B9 /* Pods-UICoreSDKKmpExample-UICoreSDKKmpExampleUITests.debug.xcconfig */,
				86EAFE1CF006C823F07B4131 /* Pods-UICoreSDKKmpExample-UICoreSDKKmpExampleUITests.release.xcconfig */,
				0C9A870D924FB54FA7C0BDF6 /* Pods-UICoreSDKKmpExampleTests.debug.xcconfig */,
				1C4903D8824281F8CAA328CA /* Pods-UICoreSDKKmpExampleTests.release.xcconfig */,
			);
			path = Pods;
			sourceTree = "<group>";
		};
		46A4E57486C263D0001B5659 /* Frameworks */ = {
			isa = PBXGroup;
			children = (
				3B5349E3D196FE1157809474 /* Pods_UICoreSDKKmpExample.framework */,
				6BFDACD850AA64C97D6266C3 /* Pods_UICoreSDKKmpExample_UICoreSDKKmpExampleUITests.framework */,
				0C204B6CA7017B7E119685FE /* Pods_UICoreSDKKmpExampleTests.framework */,
			);
			name = Frameworks;
			sourceTree = "<group>";
		};
		DE45B59E2DA618F100390572 = {
			isa = PBXGroup;
			children = (
				891BE1B62DE95DC400999BA1 /* README.md */,
				89340C882F04D82C00349B76 /* UICoreSDKKmpExample */,
				DE45B5C02DA618F300390572 /* UICoreSDKKmpExampleTests */,
				DE45B5CA2DA618F300390572 /* UICoreSDKKmpExampleUITests */,
				DE45B5A82DA618F100390572 /* Products */,
				07CD3A60E18956267D631E17 /* Pods */,
				46A4E57486C263D0001B5659 /* Frameworks */,
			);
			sourceTree = "<group>";
		};
		DE45B5A82DA618F100390572 /* Products */ = {
			isa = PBXGroup;
			children = (
				DE45B5A72DA618F100390572 /* UICoreSDKKmpExample.app */,
				DE45B5BD2DA618F300390572 /* UICoreSDKKmpExampleTests.xctest */,
				DE45B5C72DA618F300390572 /* UICoreSDKKmpExampleUITests.xctest */,
			);
			name = Products;
			sourceTree = "<group>";
		};
/* End PBXGroup section */

/* Begin PBXNativeTarget section */
		DE45B5A62DA618F100390572 /* UICoreSDKKmpExample */ = {
			isa = PBXNativeTarget;
			buildConfigurationList = DE45B5D02DA618F300390572 /* Build configuration list for PBXNativeTarget "UICoreSDKKmpExample" */;
			buildPhases = (
				4A1DAA43453B08A42A5D41E0 /* [CP] Check Pods Manifest.lock */,
				DE45B5A32DA618F100390572 /* Sources */,
				DE45B5A42DA618F100390572 /* Frameworks */,
				DE45B5A52DA618F100390572 /* Resources */,
				DE0E076D2DA6522300047597 /* ShellScript */,
				6E83779B9226391399C085CC /* [CP] Embed Pods Frameworks */,
			);
			buildRules = (
			);
			dependencies = (
			);
			fileSystemSynchronizedGroups = (
				89340C882F04D82C00349B76 /* UICoreSDKKmpExample */,
			);
			name = UICoreSDKKmpExample;
			productName = UICoreSDKKmpExample;
			productReference = DE45B5A72DA618F100390572 /* UICoreSDKKmpExample.app */;
			productType = "com.apple.product-type.application";
		};
		DE45B5BC2DA618F300390572 /* UICoreSDKKmpExampleTests */ = {
			isa = PBXNativeTarget;
			buildConfigurationList = DE45B5D52DA618F300390572 /* Build configuration list for PBXNativeTarget "UICoreSDKKmpExampleTests" */;
			buildPhases = (
				9ED6E50DD5DBD4EDC7CC9C4C /* [CP] Check Pods Manifest.lock */,
				DE45B5B92DA618F300390572 /* Sources */,
				DE45B5BA2DA618F300390572 /* Frameworks */,
				DE45B5BB2DA618F300390572 /* Resources */,
			);
			buildRules = (
			);
			dependencies = (
				DE45B5BF2DA618F300390572 /* PBXTargetDependency */,
			);
			fileSystemSynchronizedGroups = (
				DE45B5C02DA618F300390572 /* UICoreSDKKmpExampleTests */,
			);
			name = UICoreSDKKmpExampleTests;
			productName = UICoreSDKKmpExampleTests;
			productReference = DE45B5BD2DA618F300390572 /* UICoreSDKKmpExampleTests.xctest */;
			productType = "com.apple.product-type.bundle.unit-test";
		};
		DE45B5C62DA618F300390572 /* UICoreSDKKmpExampleUITests */ = {
			isa = PBXNativeTarget;
			buildConfigurationList = DE45B5D82DA618F300390572 /* Build configuration list for PBXNativeTarget "UICoreSDKKmpExampleUITests" */;
			buildPhases = (
				1BF16943B7889CDD0009C0B6 /* [CP] Check Pods Manifest.lock */,
				DE45B5C32DA618F300390572 /* Sources */,
				DE45B5C42DA618F300390572 /* Frameworks */,
				DE45B5C52DA618F300390572 /* Resources */,
				C2FE55E1553E52E2DE69636C /* [CP] Embed Pods Frameworks */,
			);
			buildRules = (
			);
			dependencies = (
				DE45B5C92DA618F300390572 /* PBXTargetDependency */,
			);
			fileSystemSynchronizedGroups = (
				DE45B5CA2DA618F300390572 /* UICoreSDKKmpExampleUITests */,
			);
			name = UICoreSDKKmpExampleUITests;
			productName = UICoreSDKKmpExampleUITests;
			productReference = DE45B5C72DA618F300390572 /* UICoreSDKKmpExampleUITests.xctest */;
			productType = "com.apple.product-type.bundle.ui-testing";
		};
/* End PBXNativeTarget section */

/* Begin PBXProject section */
		DE45B59F2DA618F100390572 /* Project object */ = {
			isa = PBXProject;
			attributes = {
				BuildIndependentTargetsInParallel = 1;
				LastSwiftUpdateCheck = 1610;
				LastUpgradeCheck = 1610;
				TargetAttributes = {
					DE45B5A62DA618F100390572 = {
						CreatedOnToolsVersion = 16.1;
					};
					DE45B5BC2DA618F300390572 = {
						CreatedOnToolsVersion = 16.1;
						TestTargetID = DE45B5A62DA618F100390572;
					};
					DE45B5C62DA618F300390572 = {
						CreatedOnToolsVersion = 16.1;
						TestTargetID = DE45B5A62DA618F100390572;
					};
				};
			};
			buildConfigurationList = DE45B5A22DA618F100390572 /* Build configuration list for PBXProject "UICoreSDKKmpExample" */;
			developmentRegion = en;
			hasScannedForEncodings = 0;
			knownRegions = (
				en,
				Base,
			);
			mainGroup = DE45B59E2DA618F100390572;
			minimizedProjectReferenceProxies = 1;
			preferredProjectObjectVersion = 77;
			productRefGroup = DE45B5A82DA618F100390572 /* Products */;
			projectDirPath = "";
			projectRoot = "";
			targets = (
				DE45B5A62DA618F100390572 /* UICoreSDKKmpExample */,
				DE45B5BC2DA618F300390572 /* UICoreSDKKmpExampleTests */,
				DE45B5C62DA618F300390572 /* UICoreSDKKmpExampleUITests */,
			);
		};
/* End PBXProject section */

/* Begin PBXResourcesBuildPhase section */
		DE45B5A52DA618F100390572 /* Resources */ = {
			isa = PBXResourcesBuildPhase;
			buildActionMask = 2147483647;
			files = (
			);
			runOnlyForDeploymentPostprocessing = 0;
		};
		DE45B5BB2DA618F300390572 /* Resources */ = {
			isa = PBXResourcesBuildPhase;
			buildActionMask = 2147483647;
			files = (
			);
			runOnlyForDeploymentPostprocessing = 0;
		};
		DE45B5C52DA618F300390572 /* Resources */ = {
			isa = PBXResourcesBuildPhase;
			buildActionMask = 2147483647;
			files = (
			);
			runOnlyForDeploymentPostprocessing = 0;
		};
/* End PBXResourcesBuildPhase section */

/* Begin PBXShellScriptBuildPhase section */
		1BF16943B7889CDD0009C0B6 /* [CP] Check Pods Manifest.lock */ = {
			isa = PBXShellScriptBuildPhase;
			buildActionMask = 2147483647;
			files = (
			);
			inputFileListPaths = (
			);
			inputPaths = (
				"${PODS_PODFILE_DIR_PATH}/Podfile.lock",
				"${PODS_ROOT}/Manifest.lock",
			);
			name = "[CP] Check Pods Manifest.lock";
			outputFileListPaths = (
			);
			outputPaths = (
				"$(DERIVED_FILE_DIR)/Pods-UICoreSDKKmpExample-UICoreSDKKmpExampleUITests-checkManifestLockResult.txt",
			);
			runOnlyForDeploymentPostprocessing = 0;
			shellPath = /bin/sh;
			shellScript = "diff \"${PODS_PODFILE_DIR_PATH}/Podfile.lock\" \"${PODS_ROOT}/Manifest.lock\" > /dev/null\nif [ $? != 0 ] ; then\n    # print error to STDERR\n    echo \"error: The sandbox is not in sync with the Podfile.lock. Run 'pod install' or update your CocoaPods installation.\" >&2\n    exit 1\nfi\n# This output is used by Xcode 'outputs' to avoid re-running this script phase.\necho \"SUCCESS\" > \"${SCRIPT_OUTPUT_FILE_0}\"\n";
			showEnvVarsInLog = 0;
		};
		4A1DAA43453B08A42A5D41E0 /* [CP] Check Pods Manifest.lock */ = {
			isa = PBXShellScriptBuildPhase;
			buildActionMask = 2147483647;
			files = (
			);
			inputFileListPaths = (
			);
			inputPaths = (
				"${PODS_PODFILE_DIR_PATH}/Podfile.lock",
				"${PODS_ROOT}/Manifest.lock",
			);
			name = "[CP] Check Pods Manifest.lock";
			outputFileListPaths = (
			);
			outputPaths = (
				"$(DERIVED_FILE_DIR)/Pods-UICoreSDKKmpExample-checkManifestLockResult.txt",
			);
			runOnlyForDeploymentPostprocessing = 0;
			shellPath = /bin/sh;
			shellScript = "diff \"${PODS_PODFILE_DIR_PATH}/Podfile.lock\" \"${PODS_ROOT}/Manifest.lock\" > /dev/null\nif [ $? != 0 ] ; then\n    # print error to STDERR\n    echo \"error: The sandbox is not in sync with the Podfile.lock. Run 'pod install' or update your CocoaPods installation.\" >&2\n    exit 1\nfi\n# This output is used by Xcode 'outputs' to avoid re-running this script phase.\necho \"SUCCESS\" > \"${SCRIPT_OUTPUT_FILE_0}\"\n";
			showEnvVarsInLog = 0;
		};
		6E83779B9226391399C085CC /* [CP] Embed Pods Frameworks */ = {
			isa = PBXShellScriptBuildPhase;
			buildActionMask = 2147483647;
			files = (
			);
			inputFileListPaths = (
				"${PODS_ROOT}/Target Support Files/Pods-UICoreSDKKmpExample/Pods-UICoreSDKKmpExample-frameworks-${CONFIGURATION}-input-files.xcfilelist",
			);
			inputPaths = (
			);
			name = "[CP] Embed Pods Frameworks";
			outputFileListPaths = (
				"${PODS_ROOT}/Target Support Files/Pods-UICoreSDKKmpExample/Pods-UICoreSDKKmpExample-frameworks-${CONFIGURATION}-output-files.xcfilelist",
			);
			outputPaths = (
			);
			runOnlyForDeploymentPostprocessing = 0;
			shellPath = /bin/sh;
			shellScript = "\"${PODS_ROOT}/Target Support Files/Pods-UICoreSDKKmpExample/Pods-UICoreSDKKmpExample-frameworks.sh\"\n";
			showEnvVarsInLog = 0;
		};
		9ED6E50DD5DBD4EDC7CC9C4C /* [CP] Check Pods Manifest.lock */ = {
			isa = PBXShellScriptBuildPhase;
			buildActionMask = 2147483647;
			files = (
			);
			inputFileListPaths = (
			);
			inputPaths = (
				"${PODS_PODFILE_DIR_PATH}/Podfile.lock",
				"${PODS_ROOT}/Manifest.lock",
			);
			name = "[CP] Check Pods Manifest.lock";
			outputFileListPaths = (
			);
			outputPaths = (
				"$(DERIVED_FILE_DIR)/Pods-UICoreSDKKmpExampleTests-checkManifestLockResult.txt",
			);
			runOnlyForDeploymentPostprocessing = 0;
			shellPath = /bin/sh;
			shellScript = "diff \"${PODS_PODFILE_DIR_PATH}/Podfile.lock\" \"${PODS_ROOT}/Manifest.lock\" > /dev/null\nif [ $? != 0 ] ; then\n    # print error to STDERR\n    echo \"error: The sandbox is not in sync with the Podfile.lock. Run 'pod install' or update your CocoaPods installation.\" >&2\n    exit 1\nfi\n# This output is used by Xcode 'outputs' to avoid re-running this script phase.\necho \"SUCCESS\" > \"${SCRIPT_OUTPUT_FILE_0}\"\n";
			showEnvVarsInLog = 0;
		};
		C2FE55E1553E52E2DE69636C /* [CP] Embed Pods Frameworks */ = {
			isa = PBXShellScriptBuildPhase;
			buildActionMask = 2147483647;
			files = (
			);
			inputFileListPaths = (
				"${PODS_ROOT}/Target Support Files/Pods-UICoreSDKKmpExample-UICoreSDKKmpExampleUITests/Pods-UICoreSDKKmpExample-UICoreSDKKmpExampleUITests-frameworks-${CONFIGURATION}-input-files.xcfilelist",
			);
			inputPaths = (
			);
			name = "[CP] Embed Pods Frameworks";
			outputFileListPaths = (
				"${PODS_ROOT}/Target Support Files/Pods-UICoreSDKKmpExample-UICoreSDKKmpExampleUITests/Pods-UICoreSDKKmpExample-UICoreSDKKmpExampleUITests-frameworks-${CONFIGURATION}-output-files.xcfilelist",
			);
			outputPaths = (
			);
			runOnlyForDeploymentPostprocessing = 0;
			shellPath = /bin/sh;
			shellScript = "\"${PODS_ROOT}/Target Support Files/Pods-UICoreSDKKmpExample-UICoreSDKKmpExampleUITests/Pods-UICoreSDKKmpExample-UICoreSDKKmpExampleUITests-frameworks.sh\"\n";
			showEnvVarsInLog = 0;
		};
		DE0E076D2DA6522300047597 /* ShellScript */ = {
			isa = PBXShellScriptBuildPhase;
			buildActionMask = 2147483647;
			files = (
			);
			inputFileListPaths = (
			);
			inputPaths = (
			);
			outputFileListPaths = (
			);
			outputPaths = (
			);
			runOnlyForDeploymentPostprocessing = 0;
			shellPath = /bin/sh;
			shellScript = "# Type a script or drag a script file from your workspace to insert its path.\n\n#if [ \"YES\" = \"$OVERRIDE_KOTLIN_BUILD_IDE_SUPPORTED\" ]; then\n";
		};
/* End PBXShellScriptBuildPhase section */

/* Begin PBXSourcesBuildPhase section */
		DE45B5A32DA618F100390572 /* Sources */ = {
			isa = PBXSourcesBuildPhase;
			buildActionMask = 2147483647;
			files = (
			);
			runOnlyForDeploymentPostprocessing = 0;
		};
		DE45B5B92DA618F300390572 /* Sources */ = {
			isa = PBXSourcesBuildPhase;
			buildActionMask = 2147483647;
			files = (
			);
			runOnlyForDeploymentPostprocessing = 0;
		};
		DE45B5C32DA618F300390572 /* Sources */ = {
			isa = PBXSourcesBuildPhase;
			buildActionMask = 2147483647;
			files = (
			);
			runOnlyForDeploymentPostprocessing = 0;
		};
/* End PBXSourcesBuildPhase section */

/* Begin PBXTargetDependency section */
		DE45B5BF2DA618F300390572 /* PBXTargetDependency */ = {
			isa = PBXTargetDependency;
			target = DE45B5A62DA618F100390572 /* UICoreSDKKmpExample */;
			targetProxy = DE45B5BE2DA618F300390572 /* PBXContainerItemProxy */;
		};
		DE45B5C92DA618F300390572 /* PBXTargetDependency */ = {
			isa = PBXTargetDependency;
			target = DE45B5A62DA618F100390572 /* UICoreSDKKmpExample */;
			targetProxy = DE45B5C82DA618F300390572 /* PBXContainerItemProxy */;
		};
/* End PBXTargetDependency section */

/* Begin XCBuildConfiguration section */
		DE45B5D12DA618F300390572 /* Debug */ = {
			isa = XCBuildConfiguration;
			baseConfigurationReference = 28B9EDB12282008060E9694F /* Pods-UICoreSDKKmpExample.debug.xcconfig */;
			buildSettings = {
				ASSETCATALOG_COMPILER_APPICON_NAME = AppIcon;
				ASSETCATALOG_COMPILER_GLOBAL_ACCENT_COLOR_NAME = AccentColor;
				CODE_SIGN_STYLE = Automatic;
				CURRENT_PROJECT_VERSION = 1;
				DEVELOPMENT_TEAM = ZNBZ7BZAKZ;
				ENABLE_USER_SCRIPT_SANDBOXING = NO;
				GENERATE_INFOPLIST_FILE = YES;
				INFOPLIST_FILE = UICoreSDKKmpExample/Info.plist;
				INFOPLIST_KEY_CFBundleDisplayName = UISDKShowcase;
				INFOPLIST_KEY_ITSAppUsesNonExemptEncryption = NO;
				INFOPLIST_KEY_NSLocationAlwaysAndWhenInUseUsageDescription = "Get your current location.";
				INFOPLIST_KEY_NSLocationAlwaysUsageDescription = "Get your current location.";
				INFOPLIST_KEY_NSLocationWhenInUseUsageDescription = "Get your current location.";
				INFOPLIST_KEY_UIApplicationSupportsIndirectInputEvents = YES;
				INFOPLIST_KEY_UILaunchStoryboardName = LaunchScreen;
				INFOPLIST_KEY_UIMainStoryboardFile = Main;
				INFOPLIST_KEY_UISupportedInterfaceOrientations = UIInterfaceOrientationPortrait;
				INFOPLIST_KEY_UISupportedInterfaceOrientations_iPad = "UIInterfaceOrientationLandscapeLeft UIInterfaceOrientationLandscapeRight UIInterfaceOrientationPortrait UIInterfaceOrientationPortraitUpsideDown";
				IPHONEOS_DEPLOYMENT_TARGET = 13.0;
				LD_RUNPATH_SEARCH_PATHS = (
					"$(inherited)",
					"@executable_path/Frameworks",
				);
				MARKETING_VERSION = 5.3.0;
				PRODUCT_BUNDLE_IDENTIFIER = "com.mapxus.uisdk-showcase.ios";
				PRODUCT_NAME = "$(TARGET_NAME)";
				SUPPORTED_PLATFORMS = "iphoneos iphonesimulator";
				SUPPORTS_MACCATALYST = NO;
				SWIFT_EMIT_LOC_STRINGS = YES;
				SWIFT_VERSION = 5.0;
				TARGETED_DEVICE_FAMILY = 1;
			};
			name = Debug;
		};
		DE45B5D22DA618F300390572 /* Release */ = {
			isa = XCBuildConfiguration;
			baseConfigurationReference = C8590BE4725BCD8B1E46999B /* Pods-UICoreSDKKmpExample.release.xcconfig */;
			buildSettings = {
				ASSETCATALOG_COMPILER_APPICON_NAME = AppIcon;
				ASSETCATALOG_COMPILER_GLOBAL_ACCENT_COLOR_NAME = AccentColor;
				CODE_SIGN_STYLE = Automatic;
				CURRENT_PROJECT_VERSION = 1;
				DEVELOPMENT_TEAM = ZNBZ7BZAKZ;
				ENABLE_USER_SCRIPT_SANDBOXING = NO;
				GENERATE_INFOPLIST_FILE = YES;
				INFOPLIST_FILE = UICoreSDKKmpExample/Info.plist;
				INFOPLIST_KEY_CFBundleDisplayName = UISDKShowcase;
				INFOPLIST_KEY_ITSAppUsesNonExemptEncryption = NO;
				INFOPLIST_KEY_NSLocationAlwaysAndWhenInUseUsageDescription = "Get your current location.";
				INFOPLIST_KEY_NSLocationAlwaysUsageDescription = "Get your current location.";
				INFOPLIST_KEY_NSLocationWhenInUseUsageDescription = "Get your current location.";
				INFOPLIST_KEY_UIApplicationSupportsIndirectInputEvents = YES;
				INFOPLIST_KEY_UILaunchStoryboardName = LaunchScreen;
				INFOPLIST_KEY_UIMainStoryboardFile = Main;
				INFOPLIST_KEY_UISupportedInterfaceOrientations = UIInterfaceOrientationPortrait;
				INFOPLIST_KEY_UISupportedInterfaceOrientations_iPad = "UIInterfaceOrientationLandscapeLeft UIInterfaceOrientationLandscapeRight UIInterfaceOrientationPortrait UIInterfaceOrientationPortraitUpsideDown";
				IPHONEOS_DEPLOYMENT_TARGET = 13.0;
				LD_RUNPATH_SEARCH_PATHS = (
					"$(inherited)",
					"@executable_path/Frameworks",
				);
				MARKETING_VERSION = 5.3.0;
				PRODUCT_BUNDLE_IDENTIFIER = "com.mapxus.uisdk-showcase.ios";
				PRODUCT_NAME = "$(TARGET_NAME)";
				SUPPORTED_PLATFORMS = "iphoneos iphonesimulator";
				SUPPORTS_MACCATALYST = NO;
				SWIFT_EMIT_LOC_STRINGS = YES;
				SWIFT_VERSION = 5.0;
				TARGETED_DEVICE_FAMILY = 1;
			};
			name = Release;
		};
		DE45B5D32DA618F300390572 /* Debug */ = {
			isa = XCBuildConfiguration;
			buildSettings = {
				ALWAYS_SEARCH_USER_PATHS = NO;
				ASSETCATALOG_COMPILER_GENERATE_SWIFT_ASSET_SYMBOL_EXTENSIONS = YES;
				CLANG_ANALYZER_NONNULL = YES;
				CLANG_ANALYZER_NUMBER_OBJECT_CONVERSION = YES_AGGRESSIVE;
				CLANG_CXX_LANGUAGE_STANDARD = "gnu++20";
				CLANG_ENABLE_MODULES = YES;
				CLANG_ENABLE_OBJC_ARC = YES;
				CLANG_ENABLE_OBJC_WEAK = YES;
				CLANG_WARN_BLOCK_CAPTURE_AUTORELEASING = YES;
				CLANG_WARN_BOOL_CONVERSION = YES;
				CLANG_WARN_COMMA = YES;
				CLANG_WARN_CONSTANT_CONVERSION = YES;
				CLANG_WARN_DEPRECATED_OBJC_IMPLEMENTATIONS = YES;
				CLANG_WARN_DIRECT_OBJC_ISA_USAGE = YES_ERROR;
				CLANG_WARN_DOCUMENTATION_COMMENTS = YES;
				CLANG_WARN_EMPTY_BODY = YES;
				CLANG_WARN_ENUM_CONVERSION = YES;
				CLANG_WARN_INFINITE_RECURSION = YES;
				CLANG_WARN_INT_CONVERSION = YES;
				CLANG_WARN_NON_LITERAL_NULL_CONVERSION = YES;
				CLANG_WARN_OBJC_IMPLICIT_RETAIN_SELF = YES;
				CLANG_WARN_OBJC_LITERAL_CONVERSION = YES;
				CLANG_WARN_OBJC_ROOT_CLASS = YES_ERROR;
				CLANG_WARN_QUOTED_INCLUDE_IN_FRAMEWORK_HEADER = YES;
				CLANG_WARN_RANGE_LOOP_ANALYSIS = YES;
				CLANG_WARN_STRICT_PROTOTYPES = YES;
				CLANG_WARN_SUSPICIOUS_MOVE = YES;
				CLANG_WARN_UNGUARDED_AVAILABILITY = YES_AGGRESSIVE;
				CLANG_WARN_UNREACHABLE_CODE = YES;
				CLANG_WARN__DUPLICATE_METHOD_MATCH = YES;
				COPY_PHASE_STRIP = NO;
				DEBUG_INFORMATION_FORMAT = dwarf;
				ENABLE_STRICT_OBJC_MSGSEND = YES;
				ENABLE_TESTABILITY = YES;
				ENABLE_USER_SCRIPT_SANDBOXING = YES;
				GCC_C_LANGUAGE_STANDARD = gnu17;
				GCC_DYNAMIC_NO_PIC = NO;
				GCC_NO_COMMON_BLOCKS = YES;
				GCC_OPTIMIZATION_LEVEL = 0;
				GCC_PREPROCESSOR_DEFINITIONS = (
					"DEBUG=1",
					"$(inherited)",
				);
				GCC_WARN_64_TO_32_BIT_CONVERSION = YES;
				GCC_WARN_ABOUT_RETURN_TYPE = YES_ERROR;
				GCC_WARN_UNDECLARED_SELECTOR = YES;
				GCC_WARN_UNINITIALIZED_AUTOS = YES_AGGRESSIVE;
				GCC_WARN_UNUSED_FUNCTION = YES;
				GCC_WARN_UNUSED_VARIABLE = YES;
				IPHONEOS_DEPLOYMENT_TARGET = 18.1;
				LOCALIZATION_PREFERS_STRING_CATALOGS = YES;
				MTL_ENABLE_DEBUG_INFO = INCLUDE_SOURCE;
				MTL_FAST_MATH = YES;
				ONLY_ACTIVE_ARCH = YES;
				SDKROOT = iphoneos;
				SWIFT_ACTIVE_COMPILATION_CONDITIONS = "DEBUG $(inherited)";
				SWIFT_OPTIMIZATION_LEVEL = "-Onone";
			};
			name = Debug;
		};
		DE45B5D42DA618F300390572 /* Release */ = {
			isa = XCBuildConfiguration;
			buildSettings = {
				ALWAYS_SEARCH_USER_PATHS = NO;
				ASSETCATALOG_COMPILER_GENERATE_SWIFT_ASSET_SYMBOL_EXTENSIONS = YES;
				CLANG_ANALYZER_NONNULL = YES;
				CLANG_ANALYZER_NUMBER_OBJECT_CONVERSION = YES_AGGRESSIVE;
				CLANG_CXX_LANGUAGE_STANDARD = "gnu++20";
				CLANG_ENABLE_MODULES = YES;
				CLANG_ENABLE_OBJC_ARC = YES;
				CLANG_ENABLE_OBJC_WEAK = YES;
				CLANG_WARN_BLOCK_CAPTURE_AUTORELEASING = YES;
				CLANG_WARN_BOOL_CONVERSION = YES;
				CLANG_WARN_COMMA = YES;
				CLANG_WARN_CONSTANT_CONVERSION = YES;
				CLANG_WARN_DEPRECATED_OBJC_IMPLEMENTATIONS = YES;
				CLANG_WARN_DIRECT_OBJC_ISA_USAGE = YES_ERROR;
				CLANG_WARN_DOCUMENTATION_COMMENTS = YES;
				CLANG_WARN_EMPTY_BODY = YES;
				CLANG_WARN_ENUM_CONVERSION = YES;
				CLANG_WARN_INFINITE_RECURSION = YES;
				CLANG_WARN_INT_CONVERSION = YES;
				CLANG_WARN_NON_LITERAL_NULL_CONVERSION = YES;
				CLANG_WARN_OBJC_IMPLICIT_RETAIN_SELF = YES;
				CLANG_WARN_OBJC_LITERAL_CONVERSION = YES;
				CLANG_WARN_OBJC_ROOT_CLASS = YES_ERROR;
				CLANG_WARN_QUOTED_INCLUDE_IN_FRAMEWORK_HEADER = YES;
				CLANG_WARN_RANGE_LOOP_ANALYSIS = YES;
				CLANG_WARN_STRICT_PROTOTYPES = YES;
				CLANG_WARN_SUSPICIOUS_MOVE = YES;
				CLANG_WARN_UNGUARDED_AVAILABILITY = YES_AGGRESSIVE;
				CLANG_WARN_UNREACHABLE_CODE = YES;
				CLANG_WARN__DUPLICATE_METHOD_MATCH = YES;
				COPY_PHASE_STRIP = NO;
				DEBUG_INFORMATION_FORMAT = "dwarf-with-dsym";
				ENABLE_NS_ASSERTIONS = NO;
				ENABLE_STRICT_OBJC_MSGSEND = YES;
				ENABLE_USER_SCRIPT_SANDBOXING = YES;
				GCC_C_LANGUAGE_STANDARD = gnu17;
				GCC_NO_COMMON_BLOCKS = YES;
				GCC_WARN_64_TO_32_BIT_CONVERSION = YES;
				GCC_WARN_ABOUT_RETURN_TYPE = YES_ERROR;
				GCC_WARN_UNDECLARED_SELECTOR = YES;
				GCC_WARN_UNINITIALIZED_AUTOS = YES_AGGRESSIVE;
				GCC_WARN_UNUSED_FUNCTION = YES;
				GCC_WARN_UNUSED_VARIABLE = YES;
				IPHONEOS_DEPLOYMENT_TARGET = 18.1;
				LOCALIZATION_PREFERS_STRING_CATALOGS = YES;
				MTL_ENABLE_DEBUG_INFO = NO;
				MTL_FAST_MATH = YES;
				SDKROOT = iphoneos;
				SWIFT_COMPILATION_MODE = wholemodule;
				VALIDATE_PRODUCT = YES;
			};
			name = Release;
		};
		DE45B5D62DA618F300390572 /* Debug */ = {
			isa = XCBuildConfiguration;
			baseConfigurationReference = 0C9A870D924FB54FA7C0BDF6 /* Pods-UICoreSDKKmpExampleTests.debug.xcconfig */;
			buildSettings = {
				BUNDLE_LOADER = "$(TEST_HOST)";
				CODE_SIGN_STYLE = Automatic;
				CURRENT_PROJECT_VERSION = 1;
				DEVELOPMENT_TEAM = 7CA2STPNGQ;
				GENERATE_INFOPLIST_FILE = YES;
				IPHONEOS_DEPLOYMENT_TARGET = 18.1;
				MARKETING_VERSION = 1.0;
				PRODUCT_BUNDLE_IDENTIFIER = com.mapxus.UICoreSDKKmpExampleTests;
				PRODUCT_NAME = "$(TARGET_NAME)";
				SWIFT_EMIT_LOC_STRINGS = NO;
				SWIFT_VERSION = 5.0;
				TARGETED_DEVICE_FAMILY = "1,2";
				TEST_HOST = "$(BUILT_PRODUCTS_DIR)/UICoreSDKKmpExample.app/$(BUNDLE_EXECUTABLE_FOLDER_PATH)/UICoreSDKKmpExample";
			};
			name = Debug;
		};
		DE45B5D72DA618F300390572 /* Release */ = {
			isa = XCBuildConfiguration;
			baseConfigurationReference = 1C4903D8824281F8CAA328CA /* Pods-UICoreSDKKmpExampleTests.release.xcconfig */;
			buildSettings = {
				BUNDLE_LOADER = "$(TEST_HOST)";
				CODE_SIGN_STYLE = Automatic;
				CURRENT_PROJECT_VERSION = 1;
				DEVELOPMENT_TEAM = 7CA2STPNGQ;
				GENERATE_INFOPLIST_FILE = YES;
				IPHONEOS_DEPLOYMENT_TARGET = 18.1;
				MARKETING_VERSION = 1.0;
				PRODUCT_BUNDLE_IDENTIFIER = com.mapxus.UICoreSDKKmpExampleTests;
				PRODUCT_NAME = "$(TARGET_NAME)";
				SWIFT_EMIT_LOC_STRINGS = NO;
				SWIFT_VERSION = 5.0;
				TARGETED_DEVICE_FAMILY = "1,2";
				TEST_HOST = "$(BUILT_PRODUCTS_DIR)/UICoreSDKKmpExample.app/$(BUNDLE_EXECUTABLE_FOLDER_PATH)/UICoreSDKKmpExample";
			};
			name = Release;
		};
		DE45B5D92DA618F300390572 /* Debug */ = {
			isa = XCBuildConfiguration;
			baseConfigurationReference = A221C41D94755A7F26C1F4B9 /* Pods-UICoreSDKKmpExample-UICoreSDKKmpExampleUITests.debug.xcconfig */;
			buildSettings = {
				CODE_SIGN_STYLE = Automatic;
				CURRENT_PROJECT_VERSION = 1;
				DEVELOPMENT_TEAM = 7CA2STPNGQ;
				GENERATE_INFOPLIST_FILE = YES;
				MARKETING_VERSION = 1.0;
				PRODUCT_BUNDLE_IDENTIFIER = com.mapxus.UICoreSDKKmpExampleUITests;
				PRODUCT_NAME = "$(TARGET_NAME)";
				SWIFT_EMIT_LOC_STRINGS = NO;
				SWIFT_VERSION = 5.0;
				TARGETED_DEVICE_FAMILY = "1,2";
				TEST_TARGET_NAME = UICoreSDKKmpExample;
			};
			name = Debug;
		};
		DE45B5DA2DA618F300390572 /* Release */ = {
			isa = XCBuildConfiguration;
			baseConfigurationReference = 86EAFE1CF006C823F07B4131 /* Pods-UICoreSDKKmpExample-UICoreSDKKmpExampleUITests.release.xcconfig */;
			buildSettings = {
				CODE_SIGN_STYLE = Automatic;
				CURRENT_PROJECT_VERSION = 1;
				DEVELOPMENT_TEAM = 7CA2STPNGQ;
				GENERATE_INFOPLIST_FILE = YES;
				MARKETING_VERSION = 1.0;
				PRODUCT_BUNDLE_IDENTIFIER = com.mapxus.UICoreSDKKmpExampleUITests;
				PRODUCT_NAME = "$(TARGET_NAME)";
				SWIFT_EMIT_LOC_STRINGS = NO;
				SWIFT_VERSION = 5.0;
				TARGETED_DEVICE_FAMILY = "1,2";
				TEST_TARGET_NAME = UICoreSDKKmpExample;
			};
			name = Release;
		};
/* End XCBuildConfiguration section */

/* Begin XCConfigurationList section */
		DE45B5A22DA618F100390572 /* Build configuration list for PBXProject "UICoreSDKKmpExample" */ = {
			isa = XCConfigurationList;
			buildConfigurations = (
				DE45B5D32DA618F300390572 /* Debug */,
				DE45B5D42DA618F300390572 /* Release */,
			);
			defaultConfigurationIsVisible = 0;
			defaultConfigurationName = Release;
		};
		DE45B5D02DA618F300390572 /* Build configuration list for PBXNativeTarget "UICoreSDKKmpExample" */ = {
			isa = XCConfigurationList;
			buildConfigurations = (
				DE45B5D12DA618F300390572 /* Debug */,
				DE45B5D22DA618F300390572 /* Release */,
			);
			defaultConfigurationIsVisible = 0;
			defaultConfigurationName = Release;
		};
		DE45B5D52DA618F300390572 /* Build configuration list for PBXNativeTarget "UICoreSDKKmpExampleTests" */ = {
			isa = XCConfigurationList;
			buildConfigurations = (
				DE45B5D62DA618F300390572 /* Debug */,
				DE45B5D72DA618F300390572 /* Release */,
			);
			defaultConfigurationIsVisible = 0;
			defaultConfigurationName = Release;
		};
		DE45B5D82DA618F300390572 /* Build configuration list for PBXNativeTarget "UICoreSDKKmpExampleUITests" */ = {
			isa = XCConfigurationList;
			buildConfigurations = (
				DE45B5D92DA618F300390572 /* Debug */,
				DE45B5DA2DA618F300390572 /* Release */,
			);
			defaultConfigurationIsVisible = 0;
			defaultConfigurationName = Release;
		};
/* End XCConfigurationList section */
	};
	rootObject = DE45B59F2DA618F100390572 /* Project object */;
}
